
Microsoft Visual Studio Solution File, Format Version 11.00
# Visual Studio 2010
Project("{FAE04EC0-301F-11D3-BF4B-00C04F79EFBC}") = "BitlyTracker", "BitlyTracker\BitlyTracker.csproj", "{C65AA59A-ED04-40FD-A3AE-3346468BB7B1}"
EndProject
Global
	GlobalSection(SolutionConfigurationPlatforms) = preSolution
		Debug|Any CPU = Debug|Any CPU
		Release|Any CPU = Release|Any CPU
	EndGlobalSection
	GlobalSection(ProjectConfigurationPlatforms) = postSolution
		{C65AA59A-ED04-40FD-A3AE-3346468BB7B1}.Debug|Any CPU.ActiveCfg = Debug|Any CPU
		{C65AA59A-ED04-40FD-A3AE-3346468BB7B1}.Debug|Any CPU.Build.0 = Debug|Any CPU
		{C65AA59A-ED04-40FD-A3AE-3346468BB7B1}.Debug|Any CPU.Deploy.0 = Debug|Any CPU
		{C65AA59A-ED04-40FD-A3AE-3346468BB7B1}.Release|Any CPU.ActiveCfg = Release|Any CPU
		{C65AA59A-ED04-40FD-A3AE-3346468BB7B1}.Release|Any CPU.Build.0 = Release|Any CPU
		{C65AA59A-ED04-40FD-A3AE-3346468BB7B1}.Release|Any CPU.Deploy.0 = Release|Any CPU
	EndGlobalSection
	GlobalSection(SolutionProperties) = preSolution
		HideSolutionNode = FALSE
	EndGlobalSection
EndGlobal
